{
  "version": 4,
  "terraform_version": "1.5.7",
  "serial": 48,
  "lineage": "3b79dbfe-489d-1322-ff9b-e5263079b01c",
  "outputs": {},
  "resources": [
    {
      "mode": "managed",
      "type": "aws_codebuild_project",
      "name": "smartcbt_codebuild",
      "provider": "provider[\"registry.terraform.io/hashicorp/aws\"]",
      "instances": [
        {
          "schema_version": 0,
          "attributes": {
            "arn": "arn:aws:codebuild:us-east-2:430704357939:project/smartcbt_codebuild",
            "artifacts": [
              {
                "artifact_identifier": "",
                "bucket_owner_access": "",
                "encryption_disabled": false,
                "location": "",
                "name": "",
                "namespace_type": "",
                "override_artifact_name": false,
                "packaging": "",
                "path": "",
                "type": "NO_ARTIFACTS"
              }
            ],
            "badge_enabled": false,
            "badge_url": "",
            "build_batch_config": [],
            "build_timeout": 30,
            "cache": [
              {
                "location": "",
                "modes": [],
                "type": "NO_CACHE"
              }
            ],
            "concurrent_build_limit": 0,
            "description": "test description",
            "encryption_key": "arn:aws:kms:us-east-2:430704357939:alias/aws/s3",
            "environment": [
              {
                "certificate": "",
                "compute_type": "BUILD_GENERAL1_SMALL",
                "environment_variable": [],
                "image": "aws/codebuild/amazonlinux2-x86_64-standard:4.0",
                "image_pull_credentials_type": "CODEBUILD",
                "privileged_mode": true,
                "registry_credential": [],
                "type": "LINUX_CONTAINER"
              }
            ],
            "file_system_locations": [],
            "id": "arn:aws:codebuild:us-east-2:430704357939:project/smartcbt_codebuild",
            "logs_config": [
              {
                "cloudwatch_logs": [
                  {
                    "group_name": "",
                    "status": "ENABLED",
                    "stream_name": ""
                  }
                ],
                "s3_logs": [
                  {
                    "bucket_owner_access": "",
                    "encryption_disabled": false,
                    "location": "",
                    "status": "DISABLED"
                  }
                ]
              }
            ],
            "name": "smartcbt_codebuild",
            "project_visibility": "PRIVATE",
            "public_project_alias": "",
            "queued_timeout": 480,
            "resource_access_role": "",
            "secondary_artifacts": [],
            "secondary_source_version": [],
            "secondary_sources": [],
            "service_role": "arn:aws:iam::430704357939:role/example-role",
            "source": [
              {
                "build_status_config": [],
                "buildspec": "buildspec.yml",
                "git_clone_depth": 1,
                "git_submodules_config": [],
                "insecure_ssl": false,
                "location": "https://git-codecommit.us-east-2.amazonaws.com/v1/repos/smartcbt_sample_test/master",
                "report_build_status": false,
                "type": "CODECOMMIT"
              }
            ],
            "source_version": "",
            "tags": {
              "Environment": "Production",
              "Name": "smartcbt_codebuild",
              "Owner": "Product development team"
            },
            "tags_all": {
              "Environment": "Production",
              "Name": "smartcbt_codebuild",
              "Owner": "Product development team"
            },
            "vpc_config": []
          },
          "sensitive_attributes": [],
          "private": "bnVsbA==",
          "dependencies": [
            "aws_iam_role.example"
          ]
        }
      ]
    },
    {
      "mode": "managed",
      "type": "aws_ecr_repository",
      "name": "smartcbt_test",
      "provider": "provider[\"registry.terraform.io/hashicorp/aws\"]",
      "instances": [
        {
          "schema_version": 0,
          "attributes": {
            "arn": "arn:aws:ecr:us-east-2:430704357939:repository/smartcbt_test",
            "encryption_configuration": [
              {
                "encryption_type": "AES256",
                "kms_key": ""
              }
            ],
            "force_delete": null,
            "id": "smartcbt_test",
            "image_scanning_configuration": [
              {
                "scan_on_push": false
              }
            ],
            "image_tag_mutability": "MUTABLE",
            "name": "smartcbt_test",
            "registry_id": "430704357939",
            "repository_url": "430704357939.dkr.ecr.us-east-2.amazonaws.com/smartcbt_test",
            "tags": {
              "Environment": "Production",
              "Name": "smartCBT private ECR for candidate backend",
              "Owner": "Product development team"
            },
            "tags_all": {
              "Environment": "Production",
              "Name": "smartCBT private ECR for candidate backend",
              "Owner": "Product development team"
            },
            "timeouts": null
          },
          "sensitive_attributes": [],
          "private": "eyJlMmJmYjczMC1lY2FhLTExZTYtOGY4OC0zNDM2M2JjN2M0YzAiOnsiZGVsZXRlIjoxMjAwMDAwMDAwMDAwfX0="
        }
      ]
    },
    {
      "mode": "managed",
      "type": "aws_iam_policy",
      "name": "codecommit_policy",
      "provider": "provider[\"registry.terraform.io/hashicorp/aws\"]",
      "instances": [
        {
          "schema_version": 0,
          "attributes": {
            "arn": "arn:aws:iam::430704357939:policy/codecommit-policy",
            "description": "Policy that allows CodeBuild to pull from CodeCommit repositories",
            "id": "arn:aws:iam::430704357939:policy/codecommit-policy",
            "name": "codecommit-policy",
            "name_prefix": "",
            "path": "/",
            "policy": "{\"Statement\":[{\"Action\":[\"ecr:GetAuthorizationToken\",\"ecr:BatchCheckLayerAvailability\",\"ecr:CompleteLayerUpload\",\"ecr:InitiateLayerUpload\",\"ecr:PutImage\",\"ecr:UploadLayerPart\",\"ecr:GetAuthorizationToken\",\"logs:CreateLogStream\",\"logs:*\",\"codebuild:*\"],\"Effect\":\"Allow\",\"Resource\":\"*\"}],\"Version\":\"2012-10-17\"}",
            "policy_id": "ANPAWIR726IZ44JKOLGJ7",
            "tags": {},
            "tags_all": {}
          },
          "sensitive_attributes": [],
          "private": "bnVsbA=="
        }
      ]
    },
    {
      "mode": "managed",
      "type": "aws_iam_role",
      "name": "example",
      "provider": "provider[\"registry.terraform.io/hashicorp/aws\"]",
      "instances": [
        {
          "schema_version": 0,
          "attributes": {
            "arn": "arn:aws:iam::430704357939:role/example-role",
            "assume_role_policy": "{\"Statement\":[{\"Action\":\"sts:AssumeRole\",\"Effect\":\"Allow\",\"Principal\":{\"Service\":\"codebuild.amazonaws.com\"},\"Sid\":\"\"}],\"Version\":\"2012-10-17\"}",
            "create_date": "2023-10-05T10:10:34Z",
            "description": "",
            "force_detach_policies": false,
            "id": "example-role",
            "inline_policy": [],
            "managed_policy_arns": [
              "arn:aws:iam::430704357939:policy/codecommit-policy"
            ],
            "max_session_duration": 3600,
            "name": "example-role",
            "name_prefix": "",
            "path": "/",
            "permissions_boundary": null,
            "tags": {},
            "tags_all": {},
            "unique_id": "AROAWIR726IZ5BCZDS2OY"
          },
          "sensitive_attributes": [],
          "private": "bnVsbA=="
        }
      ]
    },
    {
      "mode": "managed",
      "type": "aws_iam_role_policy_attachment",
      "name": "codecommit_policy_attachment",
      "provider": "provider[\"registry.terraform.io/hashicorp/aws\"]",
      "instances": [
        {
          "schema_version": 0,
          "attributes": {
            "id": "example-role-20231005101036375300000001",
            "policy_arn": "arn:aws:iam::430704357939:policy/codecommit-policy",
            "role": "example-role"
          },
          "sensitive_attributes": [],
          "private": "bnVsbA==",
          "dependencies": [
            "aws_iam_policy.codecommit_policy",
            "aws_iam_role.example"
          ]
        }
      ]
    },
    {
      "module": "module.codecommit_smartcbt_sample_test",
      "mode": "managed",
      "type": "aws_codecommit_repository",
      "name": "repo",
      "provider": "provider[\"registry.terraform.io/hashicorp/aws\"]",
      "instances": [
        {
          "schema_version": 0,
          "attributes": {
            "arn": "arn:aws:codecommit:us-east-2:430704357939:smartcbt_sample_test",
            "clone_url_http": "https://git-codecommit.us-east-2.amazonaws.com/v1/repos/smartcbt_sample_test",
            "clone_url_ssh": "ssh://git-codecommit.us-east-2.amazonaws.com/v1/repos/smartcbt_sample_test",
            "default_branch": "master",
            "description": "smartcbt_sample_test repository",
            "id": "smartcbt_sample_test",
            "repository_id": "19fe7473-95cf-401c-9bc1-fe8b68783164",
            "repository_name": "smartcbt_sample_test",
            "tags": {
              "Environment": "Production",
              "Name": "smartcbt_sample_test Code Commit",
              "Owner": "Product development team"
            },
            "tags_all": {
              "Environment": "Production",
              "Name": "smartcbt_sample_test Code Commit",
              "Owner": "Product development team"
            }
          },
          "sensitive_attributes": [],
          "private": "bnVsbA=="
        }
      ]
    }
  ],
  "check_results": null
}
